
Microsoft Visual Studio Solution File, Format Version 12.00
# Visual Studio Version 16
VisualStudioVersion = 16.0.31613.86
MinimumVisualStudioVersion = 10.0.40219.1
Project("{FAE04EC0-301F-11D3-BF4B-00C04F79EFBC}") = "task1", "task1\task1.csproj", "{80D50E2B-9F11-46F4-AB61-050A7D3BE635}"
EndProject
Project("{FAE04EC0-301F-11D3-BF4B-00C04F79EFBC}") = "task2", "task2\task2.csproj", "{2B60A238-5813-42A3-8525-20078282FFC7}"
EndProject
Global
	GlobalSection(SolutionConfigurationPlatforms) = preSolution
		Debug|Any CPU = Debug|Any CPU
		Release|Any CPU = Release|Any CPU
	EndGlobalSection
	GlobalSection(ProjectConfigurationPlatforms) = postSolution
		{80D50E2B-9F11-46F4-AB61-050A7D3BE635}.Debug|Any CPU.ActiveCfg = Debug|Any CPU
		{80D50E2B-9F11-46F4-AB61-050A7D3BE635}.Debug|Any CPU.Build.0 = Debug|Any CPU
		{80D50E2B-9F11-46F4-AB61-050A7D3BE635}.Release|Any CPU.ActiveCfg = Release|Any CPU
		{80D50E2B-9F11-46F4-AB61-050A7D3BE635}.Release|Any CPU.Build.0 = Release|Any CPU
		{2B60A238-5813-42A3-8525-20078282FFC7}.Debug|Any CPU.ActiveCfg = Debug|Any CPU
		{2B60A238-5813-42A3-8525-20078282FFC7}.Debug|Any CPU.Build.0 = Debug|Any CPU
		{2B60A238-5813-42A3-8525-20078282FFC7}.Release|Any CPU.ActiveCfg = Release|Any CPU
		{2B60A238-5813-42A3-8525-20078282FFC7}.Release|Any CPU.Build.0 = Release|Any CPU
	EndGlobalSection
	GlobalSection(SolutionProperties) = preSolution
		HideSolutionNode = FALSE
	EndGlobalSection
	GlobalSection(ExtensibilityGlobals) = postSolution
		SolutionGuid = {F0223156-0ACD-4F66-A28A-428FA1472AFC}
	EndGlobalSection
EndGlobal
